
Microsoft Visual Studio Solution File, Format Version 12.00
# Visual Studio Express 2013 for Windows Desktop
VisualStudioVersion = 12.0.21005.1
MinimumVisualStudioVersion = 10.0.40219.1
Project("{FAE04EC0-301F-11D3-BF4B-00C04F79EFBC}") = "MyUVEditor", "MyUVEditor\MyUVEditor.csproj", "{1455244B-25FE-41FD-A753-CC0709387D11}"
EndProject
Project("{FAE04EC0-301F-11D3-BF4B-00C04F79EFBC}") = "PMXImporter", "..\..\..\Visual Studio 2013\Projects\MyPMDViewer\PMXImporter\PMXImporter.csproj", "{1D96E92C-8690-4998-A315-44860AA9DF3D}"
EndProject
Project("{FAE04EC0-301F-11D3-BF4B-00C04F79EFBC}") = "Starter", "Starter\Starter.csproj", "{048007B0-FDE7-4A35-8A14-EFF8AEAF1FBF}"
EndProject
Project("{911E67C6-3D85-4FCE-B560-20A9C3E3FF48}") = "PmxEditor", "..\..\..\MMD\PmxEditor_0222c\PmxEditor.exe", "{1D7CCCD5-6016-4FAA-BC2B-663B92299719}"
	ProjectSection(DebuggerProjectSystem) = preProject
		PortSupplier = 00000000-0000-0000-0000-000000000000
		Executable = D:\Documents\MMD\PmxEditor_0222c\PmxEditor.exe
		RemoteMachine = YUSER-PC
		StartingDirectory = D:\Documents\MMD\PmxEditor_0222c
		Environment = 既定
		LaunchingEngine = 00000000-0000-0000-0000-000000000000
		UseLegacyDebugEngines = No
		LaunchSQLEngine = No
		AttachLaunchAction = No
	EndProjectSection
EndProject
Global
	GlobalSection(SolutionConfigurationPlatforms) = preSolution
		Debug|Any CPU = Debug|Any CPU
		Debug|Mixed Platforms = Debug|Mixed Platforms
		Debug|x86 = Debug|x86
		Release|Any CPU = Release|Any CPU
		Release|Mixed Platforms = Release|Mixed Platforms
		Release|x86 = Release|x86
	EndGlobalSection
	GlobalSection(ProjectConfigurationPlatforms) = postSolution
		{1455244B-25FE-41FD-A753-CC0709387D11}.Debug|Any CPU.ActiveCfg = Debug|Any CPU
		{1455244B-25FE-41FD-A753-CC0709387D11}.Debug|Any CPU.Build.0 = Debug|Any CPU
		{1455244B-25FE-41FD-A753-CC0709387D11}.Debug|Mixed Platforms.ActiveCfg = Debug|Any CPU
		{1455244B-25FE-41FD-A753-CC0709387D11}.Debug|Mixed Platforms.Build.0 = Debug|Any CPU
		{1455244B-25FE-41FD-A753-CC0709387D11}.Debug|x86.ActiveCfg = Debug|Any CPU
		{1455244B-25FE-41FD-A753-CC0709387D11}.Release|Any CPU.ActiveCfg = Release|Any CPU
		{1455244B-25FE-41FD-A753-CC0709387D11}.Release|Any CPU.Build.0 = Release|Any CPU
		{1455244B-25FE-41FD-A753-CC0709387D11}.Release|Mixed Platforms.ActiveCfg = Release|Any CPU
		{1455244B-25FE-41FD-A753-CC0709387D11}.Release|Mixed Platforms.Build.0 = Release|Any CPU
		{1455244B-25FE-41FD-A753-CC0709387D11}.Release|x86.ActiveCfg = Release|Any CPU
		{1D96E92C-8690-4998-A315-44860AA9DF3D}.Debug|Any CPU.ActiveCfg = Debug|Any CPU
		{1D96E92C-8690-4998-A315-44860AA9DF3D}.Debug|Any CPU.Build.0 = Debug|Any CPU
		{1D96E92C-8690-4998-A315-44860AA9DF3D}.Debug|Mixed Platforms.ActiveCfg = Debug|Any CPU
		{1D96E92C-8690-4998-A315-44860AA9DF3D}.Debug|Mixed Platforms.Build.0 = Debug|Any CPU
		{1D96E92C-8690-4998-A315-44860AA9DF3D}.Debug|x86.ActiveCfg = Debug|Any CPU
		{1D96E92C-8690-4998-A315-44860AA9DF3D}.Release|Any CPU.ActiveCfg = Release|Any CPU
		{1D96E92C-8690-4998-A315-44860AA9DF3D}.Release|Any CPU.Build.0 = Release|Any CPU
		{1D96E92C-8690-4998-A315-44860AA9DF3D}.Release|Mixed Platforms.ActiveCfg = Release|Any CPU
		{1D96E92C-8690-4998-A315-44860AA9DF3D}.Release|Mixed Platforms.Build.0 = Release|Any CPU
		{1D96E92C-8690-4998-A315-44860AA9DF3D}.Release|x86.ActiveCfg = Release|Any CPU
		{048007B0-FDE7-4A35-8A14-EFF8AEAF1FBF}.Debug|Any CPU.ActiveCfg = Debug|x86
		{048007B0-FDE7-4A35-8A14-EFF8AEAF1FBF}.Debug|Mixed Platforms.ActiveCfg = Debug|x86
		{048007B0-FDE7-4A35-8A14-EFF8AEAF1FBF}.Debug|Mixed Platforms.Build.0 = Debug|x86
		{048007B0-FDE7-4A35-8A14-EFF8AEAF1FBF}.Debug|x86.ActiveCfg = Debug|x86
		{048007B0-FDE7-4A35-8A14-EFF8AEAF1FBF}.Debug|x86.Build.0 = Debug|x86
		{048007B0-FDE7-4A35-8A14-EFF8AEAF1FBF}.Release|Any CPU.ActiveCfg = Release|x86
		{048007B0-FDE7-4A35-8A14-EFF8AEAF1FBF}.Release|Mixed Platforms.ActiveCfg = Release|x86
		{048007B0-FDE7-4A35-8A14-EFF8AEAF1FBF}.Release|Mixed Platforms.Build.0 = Release|x86
		{048007B0-FDE7-4A35-8A14-EFF8AEAF1FBF}.Release|x86.ActiveCfg = Release|x86
		{048007B0-FDE7-4A35-8A14-EFF8AEAF1FBF}.Release|x86.Build.0 = Release|x86
		{1D7CCCD5-6016-4FAA-BC2B-663B92299719}.Debug|Any CPU.ActiveCfg = Debug|Any CPU
		{1D7CCCD5-6016-4FAA-BC2B-663B92299719}.Debug|Mixed Platforms.ActiveCfg = Debug|Any CPU
		{1D7CCCD5-6016-4FAA-BC2B-663B92299719}.Debug|x86.ActiveCfg = Debug|Any CPU
		{1D7CCCD5-6016-4FAA-BC2B-663B92299719}.Release|Any CPU.ActiveCfg = Debug|Any CPU
		{1D7CCCD5-6016-4FAA-BC2B-663B92299719}.Release|Mixed Platforms.ActiveCfg = Debug|Any CPU
		{1D7CCCD5-6016-4FAA-BC2B-663B92299719}.Release|x86.ActiveCfg = Debug|Any CPU
	EndGlobalSection
	GlobalSection(SolutionProperties) = preSolution
		HideSolutionNode = FALSE
	EndGlobalSection
EndGlobal
